// !$*UTF8*$!
{
	archiveVersion = 1;
	classes = {
	};
	objectVersion = 77;
	objects = {

/* Begin PBXBuildFile section */
		3FA00E982EC1CEDE0042DA07 /* MobileNetV2.mlmodel in Sources */ = {isa = PBXBuildFile; fileRef = 3FA00E972EC1CEDE0042DA07 /* MobileNetV2.mlmodel */; };
/* End PBXBuildFile section */

/* Begin PBXContainerItemProxy section */
		3F1A320D2EC0AFA300EFCED4 /* PBXContainerItemProxy */ = {
			isa = PBXContainerItemProxy;
			containerPortal = 3F1A31F42EC0AFA200EFCED4 /* Project object */;
			proxyType = 1;
			remoteGlobalIDString = 3F1A31FB2EC0AFA200EFCED4;
			remoteInfo = Charikawa;
		};
		3F1A32172EC0AFA300EFCED4 /* PBXContainerItemProxy */ = {
			isa = PBXContainerItemProxy;
			containerPortal = 3F1A31F42EC0AFA200EFCED4 /* Project object */;
			proxyType = 1;
			remoteGlobalIDString = 3F1A31FB2EC0AFA200EFCED4;
			remoteInfo = Charikawa;
		};
/* End PBXContainerItemProxy section */

/* Begin PBXFileReference section */
		3F1A31FC2EC0AFA200EFCED4 /* Charikawa.app */ = {isa = PBXFileReference; explicitFileType = wrapper.application; includeInIndex = 0; path = Charikawa.app; sourceTree = BUILT_PRODUCTS_DIR; };
		3F1A320C2EC0AFA300EFCED4 /* CharikawaTests.xctest */ = {isa = PBXFileReference; explicitFileType = wrapper.cfbundle; includeInIndex = 0; path = CharikawaTests.xctest; sourceTree = BUILT_PRODUCTS_DIR; };
		3F1A32162EC0AFA300EFCED4 /* CharikawaUITests.xctest */ = {isa = PBXFileReference; explicitFileType = wrapper.cfbundle; includeInIndex = 0; path = CharikawaUITests.xctest; sourceTree = BUILT_PRODUCTS_DIR; };
		3FA00E972EC1CEDE0042DA07 /* MobileNetV2.mlmodel */ = {isa = PBXFileReference; lastKnownFileType = file.mlmodel; path = MobileNetV2.mlmodel; sourceTree = "<group>"; };
/* End PBXFileReference section */

/* Begin PBXFileSystemSynchronizedRootGroup section */
		3F1A31FE2EC0AFA200EFCED4 /* Charikawa */ = {
			isa = PBXFileSystemSynchronizedRootGroup;
			path = Charikawa;
			sourceTree = "<group>";
		};
		3F1A320F2EC0AFA300EFCED4 /* CharikawaTests */ = {
			isa = PBXFileSystemSynchronizedRootGroup;
			path = CharikawaTests;
			sourceTree = "<group>";
		};
		3F1A32192EC0AFA300EFCED4 /* CharikawaUITests */ = {
			isa = PBXFileSystemSynchronizedRootGroup;
			path = CharikawaUITests;
			sourceTree = "<group>";
		};
/* End PBXFileSystemSynchronizedRootGroup section */

/* Begin PBXFrameworksBuildPhase section */
		3F1A31F92EC0AFA200EFCED4 /* Frameworks */ = {
			isa = PBXFrameworksBuildPhase;
			buildActionMask = 2147483647;
			files = (
			);
			runOnlyForDeploymentPostprocessing = 0;
		};
		3F1A32092EC0AFA300EFCED4 /* Frameworks */ = {
			isa = PBXFrameworksBuildPhase;
			buildActionMask = 2147483647;
			files = (
			);
			runOnlyForDeploymentPostprocessing = 0;
		};
		3F1A32132EC0AFA300EFCED4 /* Frameworks */ = {
			isa = PBXFrameworksBuildPhase;
			buildActionMask = 2147483647;
			files = (
			);
			runOnlyForDeploymentPostprocessing = 0;
		};
/* End PBXFrameworksBuildPhase section */

/* Begin PBXGroup section */
		3F1A31F32EC0AFA200EFCED4 = {
			isa = PBXGroup;
			children = (
				3F1A31FE2EC0AFA200EFCED4 /* Charikawa */,
				3F1A320F2EC0AFA300EFCED4 /* CharikawaTests */,
				3F1A32192EC0AFA300EFCED4 /* CharikawaUITests */,
				3FA00E972EC1CEDE0042DA07 /* MobileNetV2.mlmodel */,
				3F1A31FD2EC0AFA200EFCED4 /* Products */,
			);
			sourceTree = "<group>";
		};
		3F1A31FD2EC0AFA200EFCED4 /* Products */ = {
			isa = PBXGroup;
			children = (
				3F1A31FC2EC0AFA200EFCED4 /* Charikawa.app */,
				3F1A320C2EC0AFA300EFCED4 /* CharikawaTests.xctest */,
				3F1A32162EC0AFA300EFCED4 /* CharikawaUITests.xctest */,
			);
			name = Products;
			sourceTree = "<group>";
		};
/* End PBXGroup section */

/* Begin PBXNativeTarget section */
		3F1A31FB2EC0AFA200EFCED4 /* Charikawa */ = {
			isa = PBXNativeTarget;
			buildConfigurationList = 3F1A32202EC0AFA300EFCED4 /* Build configuration list for PBXNativeTarget "Charikawa" */;
			buildPhases = (
				3F1A31F82EC0AFA200EFCED4 /* Sources */,
				3F1A31F92EC0AFA200EFCED4 /* Frameworks */,
				3F1A31FA2EC0AFA200EFCED4 /* Resources */,
			);
			buildRules = (
			);
			dependencies = (
			);
			fileSystemSynchronizedGroups = (
				3F1A31FE2EC0AFA200EFCED4 /* Charikawa */,
			);
			name = Charikawa;
			packageProductDependencies = (
			);
			productName = Charikawa;
			productReference = 3F1A31FC2EC0AFA200EFCED4 /* Charikawa.app */;
			productType = "com.apple.product-type.application";
		};
		3F1A320B2EC0AFA300EFCED4 /* CharikawaTests */ = {
			isa = PBXNativeTarget;
			buildConfigurationList = 3F1A32232EC0AFA300EFCED4 /* Build configuration list for PBXNativeTarget "CharikawaTests" */;
			buildPhases = (
				3F1A32082EC0AFA300EFCED4 /* Sources */,
				3F1A32092EC0AFA300EFCED4 /* Frameworks */,
				3F1A320A2EC0AFA300EFCED4 /* Resources */,
			);
			buildRules = (
			);
			dependencies = (
				3F1A320E2EC0AFA300EFCED4 /* PBXTargetDependency */,
			);
			fileSystemSynchronizedGroups = (
				3F1A320F2EC0AFA300EFCED4 /* CharikawaTests */,
			);
			name = CharikawaTests;
			packageProductDependencies = (
			);
			productName = CharikawaTests;
			productReference = 3F1A320C2EC0AFA300EFCED4 /* CharikawaTests.xctest */;
			productType = "com.apple.product-type.bundle.unit-test";
		};
		3F1A32152EC0AFA300EFCED4 /* CharikawaUITests */ = {
			isa = PBXNativeTarget;
			buildConfigurationList = 3F1A32262EC0AFA300EFCED4 /* Build configuration list for PBXNativeTarget "CharikawaUITests" */;
			buildPhases = (
				3F1A32122EC0AFA300EFCED4 /* Sources */,
				3F1A32132EC0AFA300EFCED4 /* Frameworks */,
				3F1A32142EC0AFA300EFCED4 /* Resources */,
			);
			buildRules = (
			);
			dependencies = (
				3F1A32182EC0AFA300EFCED4 /* PBXTargetDependency */,
			);
			fileSystemSynchronizedGroups = (
				3F1A32192EC0AFA300EFCED4 /* CharikawaUITests */,
			);
			name = CharikawaUITests;
			packageProductDependencies = (
			);
			productName = CharikawaUITests;
			productReference = 3F1A32162EC0AFA300EFCED4 /* CharikawaUITests.xctest */;
			productType = "com.apple.product-type.bundle.ui-testing";
		};
/* End PBXNativeTarget section */

/* Begin PBXProject section */
		3F1A31F42EC0AFA200EFCED4 /* Project object */ = {
			isa = PBXProject;
			attributes = {
				BuildIndependentTargetsInParallel = 1;
				LastSwiftUpdateCheck = 1620;
				LastUpgradeCheck = 1620;
				TargetAttributes = {
					3F1A31FB2EC0AFA200EFCED4 = {
						CreatedOnToolsVersion = 16.2;
					};
					3F1A320B2EC0AFA300EFCED4 = {
						CreatedOnToolsVersion = 16.2;
						TestTargetID = 3F1A31FB2EC0AFA200EFCED4;
					};
					3F1A32152EC0AFA300EFCED4 = {
						CreatedOnToolsVersion = 16.2;
						TestTargetID = 3F1A31FB2EC0AFA200EFCED4;
					};
				};
			};
			buildConfigurationList = 3F1A31F72EC0AFA200EFCED4 /* Build configuration list for PBXProject "Charikawa" */;
			developmentRegion = en;
			hasScannedForEncodings = 0;
			knownRegions = (
				en,
				Base,
			);
			mainGroup = 3F1A31F32EC0AFA200EFCED4;
			minimizedProjectReferenceProxies = 1;
			preferredProjectObjectVersion = 77;
			productRefGroup = 3F1A31FD2EC0AFA200EFCED4 /* Products */;
			projectDirPath = "";
			projectRoot = "";
			targets = (
				3F1A31FB2EC0AFA200EFCED4 /* Charikawa */,
				3F1A320B2EC0AFA300EFCED4 /* CharikawaTests */,
				3F1A32152EC0AFA300EFCED4 /* CharikawaUITests */,
			);
		};
/* End PBXProject section */

/* Begin PBXResourcesBuildPhase section */
		3F1A31FA2EC0AFA200EFCED4 /* Resources */ = {
			isa = PBXResourcesBuildPhase;
			buildActionMask = 2147483647;
			files = (
			);
			runOnlyForDeploymentPostprocessing = 0;
		};
		3F1A320A2EC0AFA300EFCED4 /* Resources */ = {
			isa = PBXResourcesBuildPhase;
			buildActionMask = 2147483647;
			files = (
			);
			runOnlyForDeploymentPostprocessing = 0;
		};
		3F1A32142EC0AFA300EFCED4 /* Resources */ = {
			isa = PBXResourcesBuildPhase;
			buildActionMask = 2147483647;
			files = (
			);
			runOnlyForDeploymentPostprocessing = 0;
		};
/* End PBXResourcesBuildPhase section */

/* Begin PBXSourcesBuildPhase section */
		3F1A31F82EC0AFA200EFCED4 /* Sources */ = {
			isa = PBXSourcesBuildPhase;
			buildActionMask = 2147483647;
			files = (
				3FA00E982EC1CEDE0042DA07 /* MobileNetV2.mlmodel in Sources */,
			);
			runOnlyForDeploymentPostprocessing = 0;
		};
		3F1A32082EC0AFA300EFCED4 /* Sources */ = {
			isa = PBXSourcesBuildPhase;
			buildActionMask = 2147483647;
			files = (
			);
			runOnlyForDeploymentPostprocessing = 0;
		};
		3F1A32122EC0AFA300EFCED4 /* Sources */ = {
			isa = PBXSourcesBuildPhase;
			buildActionMask = 2147483647;
			files = (
			);
			runOnlyForDeploymentPostprocessing = 0;
		};
/* End PBXSourcesBuildPhase section */

/* Begin PBXTargetDependency section */
		3F1A320E2EC0AFA300EFCED4 /* PBXTargetDependency */ = {
			isa = PBXTargetDependency;
			target = 3F1A31FB2EC0AFA200EFCED4 /* Charikawa */;
			targetProxy = 3F1A320D2EC0AFA300EFCED4 /* PBXContainerItemProxy */;
		};
		3F1A32182EC0AFA300EFCED4 /* PBXTargetDependency */ = {
			isa = PBXTargetDependency;
			target = 3F1A31FB2EC0AFA200EFCED4 /* Charikawa */;
			targetProxy = 3F1A32172EC0AFA300EFCED4 /* PBXContainerItemProxy */;
		};
/* End PBXTargetDependency section */

/* Begin XCBuildConfiguration section */
		3F1A321E2EC0AFA300EFCED4 /* Debug */ = {
			isa = XCBuildConfiguration;
			buildSettings = {
				ALWAYS_SEARCH_USER_PATHS = NO;
				ASSETCATALOG_COMPILER_GENERATE_SWIFT_ASSET_SYMBOL_EXTENSIONS = YES;
				CLANG_ANALYZER_NONNULL = YES;
				CLANG_ANALYZER_NUMBER_OBJECT_CONVERSION = YES_AGGRESSIVE;
				CLANG_CXX_LANGUAGE_STANDARD = "gnu++20";
				CLANG_ENABLE_MODULES = YES;
				CLANG_ENABLE_OBJC_ARC = YES;
				CLANG_ENABLE_OBJC_WEAK = YES;
				CLANG_WARN_BLOCK_CAPTURE_AUTORELEASING = YES;
				CLANG_WARN_BOOL_CONVERSION = YES;
				CLANG_WARN_COMMA = YES;
				CLANG_WARN_CONSTANT_CONVERSION = YES;
				CLANG_WARN_DEPRECATED_OBJC_IMPLEMENTATIONS = YES;
				CLANG_WARN_DIRECT_OBJC_ISA_USAGE = YES_ERROR;
				CLANG_WARN_DOCUMENTATION_COMMENTS = YES;
				CLANG_WARN_EMPTY_BODY = YES;
				CLANG_WARN_ENUM_CONVERSION = YES;
				CLANG_WARN_INFINITE_RECURSION = YES;
				CLANG_WARN_INT_CONVERSION = YES;
				CLANG_WARN_NON_LITERAL_NULL_CONVERSION = YES;
				CLANG_WARN_OBJC_IMPLICIT_RETAIN_SELF = YES;
				CLANG_WARN_OBJC_LITERAL_CONVERSION = YES;
				CLANG_WARN_OBJC_ROOT_CLASS = YES_ERROR;
				CLANG_WARN_QUOTED_INCLUDE_IN_FRAMEWORK_HEADER = YES;
				CLANG_WARN_RANGE_LOOP_ANALYSIS = YES;
				CLANG_WARN_STRICT_PROTOTYPES = YES;
				CLANG_WARN_SUSPICIOUS_MOVE = YES;
				CLANG_WARN_UNGUARDED_AVAILABILITY = YES_AGGRESSIVE;
				CLANG_WARN_UNREACHABLE_CODE = YES;
				CLANG_WARN__DUPLICATE_METHOD_MATCH = YES;
				COPY_PHASE_STRIP = NO;
				DEBUG_INFORMATION_FORMAT = dwarf;
				ENABLE_STRICT_OBJC_MSGSEND = YES;
				ENABLE_TESTABILITY = YES;
				ENABLE_USER_SCRIPT_SANDBOXING = YES;
				GCC_C_LANGUAGE_STANDARD = gnu17;
				GCC_DYNAMIC_NO_PIC = NO;
				GCC_NO_COMMON_BLOCKS = YES;
				GCC_OPTIMIZATION_LEVEL = 0;
				GCC_PREPROCESSOR_DEFINITIONS = (
					"DEBUG=1",
					"$(inherited)",
				);
				GCC_WARN_64_TO_32_BIT_CONVERSION = YES;
				GCC_WARN_ABOUT_RETURN_TYPE = YES_ERROR;
				GCC_WARN_UNDECLARED_SELECTOR = YES;
				GCC_WARN_UNINITIALIZED_AUTOS = YES_AGGRESSIVE;
				GCC_WARN_UNUSED_FUNCTION = YES;
				GCC_WARN_UNUSED_VARIABLE = YES;
				IPHONEOS_DEPLOYMENT_TARGET = 18.2;
				LOCALIZATION_PREFERS_STRING_CATALOGS = YES;
				MTL_ENABLE_DEBUG_INFO = INCLUDE_SOURCE;
				MTL_FAST_MATH = YES;
				ONLY_ACTIVE_ARCH = YES;
				SDKROOT = iphoneos;
				SWIFT_ACTIVE_COMPILATION_CONDITIONS = "DEBUG $(inherited)";
				SWIFT_OPTIMIZATION_LEVEL = "-Onone";
			};
			name = Debug;
		};
		3F1A321F2EC0AFA300EFCED4 /* Release */ = {
			isa = XCBuildConfiguration;
			buildSettings = {
				ALWAYS_SEARCH_USER_PATHS = NO;
				ASSETCATALOG_COMPILER_GENERATE_SWIFT_ASSET_SYMBOL_EXTENSIONS = YES;
				CLANG_ANALYZER_NONNULL = YES;
				CLANG_ANALYZER_NUMBER_OBJECT_CONVERSION = YES_AGGRESSIVE;
				CLANG_CXX_LANGUAGE_STANDARD = "gnu++20";
				CLANG_ENABLE_MODULES = YES;
				CLANG_ENABLE_OBJC_ARC = YES;
				CLANG_ENABLE_OBJC_WEAK = YES;
				CLANG_WARN_BLOCK_CAPTURE_AUTORELEASING = YES;
				CLANG_WARN_BOOL_CONVERSION = YES;
				CLANG_WARN_COMMA = YES;
				CLANG_WARN_CONSTANT_CONVERSION = YES;
				CLANG_WARN_DEPRECATED_OBJC_IMPLEMENTATIONS = YES;
				CLANG_WARN_DIRECT_OBJC_ISA_USAGE = YES_ERROR;
				CLANG_WARN_DOCUMENTATION_COMMENTS = YES;
				CLANG_WARN_EMPTY_BODY = YES;
				CLANG_WARN_ENUM_CONVERSION = YES;
				CLANG_WARN_INFINITE_RECURSION = YES;
				CLANG_WARN_INT_CONVERSION = YES;
				CLANG_WARN_NON_LITERAL_NULL_CONVERSION = YES;
				CLANG_WARN_OBJC_IMPLICIT_RETAIN_SELF = YES;
				CLANG_WARN_OBJC_LITERAL_CONVERSION = YES;
				CLANG_WARN_OBJC_ROOT_CLASS = YES_ERROR;
				CLANG_WARN_QUOTED_INCLUDE_IN_FRAMEWORK_HEADER = YES;
				CLANG_WARN_RANGE_LOOP_ANALYSIS = YES;
				CLANG_WARN_STRICT_PROTOTYPES = YES;
				CLANG_WARN_SUSPICIOUS_MOVE = YES;
				CLANG_WARN_UNGUARDED_AVAILABILITY = YES_AGGRESSIVE;
				CLANG_WARN_UNREACHABLE_CODE = YES;
				CLANG_WARN__DUPLICATE_METHOD_MATCH = YES;
				COPY_PHASE_STRIP = NO;
				DEBUG_INFORMATION_FORMAT = "dwarf-with-dsym";
				ENABLE_NS_ASSERTIONS = NO;
				ENABLE_STRICT_OBJC_MSGSEND = YES;
				ENABLE_USER_SCRIPT_SANDBOXING = YES;
				GCC_C_LANGUAGE_STANDARD = gnu17;
				GCC_NO_COMMON_BLOCKS = YES;
				GCC_WARN_64_TO_32_BIT_CONVERSION = YES;
				GCC_WARN_ABOUT_RETURN_TYPE = YES_ERROR;
				GCC_WARN_UNDECLARED_SELECTOR = YES;
				GCC_WARN_UNINITIALIZED_AUTOS = YES_AGGRESSIVE;
				GCC_WARN_UNUSED_FUNCTION = YES;
				GCC_WARN_UNUSED_VARIABLE = YES;
				IPHONEOS_DEPLOYMENT_TARGET = 18.2;
				LOCALIZATION_PREFERS_STRING_CATALOGS = YES;
				MTL_ENABLE_DEBUG_INFO = NO;
				MTL_FAST_MATH = YES;
				SDKROOT = iphoneos;
				SWIFT_COMPILATION_MODE = wholemodule;
				VALIDATE_PRODUCT = YES;
			};
			name = Release;
		};
		3F1A32212EC0AFA300EFCED4 /* Debug */ = {
			isa = XCBuildConfiguration;
			buildSettings = {
				ASSETCATALOG_COMPILER_APPICON_NAME = AppIcon;
				ASSETCATALOG_COMPILER_GLOBAL_ACCENT_COLOR_NAME = AccentColor;
				CODE_SIGN_STYLE = Automatic;
				CURRENT_PROJECT_VERSION = 1;
				DEVELOPMENT_ASSET_PATHS = "\"Charikawa/Preview Content\"";
				ENABLE_PREVIEWS = YES;
				GENERATE_INFOPLIST_FILE = YES;
				INFOPLIST_KEY_UIApplicationSceneManifest_Generation = YES;
				INFOPLIST_KEY_UIApplicationSupportsIndirectInputEvents = YES;
				INFOPLIST_KEY_UILaunchScreen_Generation = YES;
				INFOPLIST_KEY_UISupportedInterfaceOrientations_iPad = "UIInterfaceOrientationPortrait UIInterfaceOrientationPortraitUpsideDown UIInterfaceOrientationLandscapeLeft UIInterfaceOrientationLandscapeRight";
				INFOPLIST_KEY_UISupportedInterfaceOrientations_iPhone = "UIInterfaceOrientationPortrait UIInterfaceOrientationLandscapeLeft UIInterfaceOrientationLandscapeRight";
				LD_RUNPATH_SEARCH_PATHS = (
					"$(inherited)",
					"@executable_path/Frameworks",
				);
				MARKETING_VERSION = 1.0;
				PRODUCT_BUNDLE_IDENTIFIER = "Bhagya-Deepathi---IT22306890.Charikawa";
				PRODUCT_NAME = "$(TARGET_NAME)";
				SWIFT_EMIT_LOC_STRINGS = YES;
				SWIFT_VERSION = 5.0;
				TARGETED_DEVICE_FAMILY = "1,2";
			};
			name = Debug;
		};
		3F1A32222EC0AFA300EFCED4 /* Release */ = {
			isa = XCBuildConfiguration;
			buildSettings = {
				ASSETCATALOG_COMPILER_APPICON_NAME = AppIcon;
				ASSETCATALOG_COMPILER_GLOBAL_ACCENT_COLOR_NAME = AccentColor;
				CODE_SIGN_STYLE = Automatic;
				CURRENT_PROJECT_VERSION = 1;
				DEVELOPMENT_ASSET_PATHS = "\"Charikawa/Preview Content\"";
				ENABLE_PREVIEWS = YES;
				GENERATE_INFOPLIST_FILE = YES;
				INFOPLIST_KEY_UIApplicationSceneManifest_Generation = YES;
				INFOPLIST_KEY_UIApplicationSupportsIndirectInputEvents = YES;
				INFOPLIST_KEY_UILaunchScreen_Generation = YES;
				INFOPLIST_KEY_UISupportedInterfaceOrientations_iPad = "UIInterfaceOrientationPortrait UIInterfaceOrientationPortraitUpsideDown UIInterfaceOrientationLandscapeLeft UIInterfaceOrientationLandscapeRight";
				INFOPLIST_KEY_UISupportedInterfaceOrientations_iPhone = "UIInterfaceOrientationPortrait UIInterfaceOrientationLandscapeLeft UIInterfaceOrientationLandscapeRight";
				LD_RUNPATH_SEARCH_PATHS = (
					"$(inherited)",
					"@executable_path/Frameworks",
				);
				MARKETING_VERSION = 1.0;
				PRODUCT_BUNDLE_IDENTIFIER = "Bhagya-Deepathi---IT22306890.Charikawa";
				PRODUCT_NAME = "$(TARGET_NAME)";
				SWIFT_EMIT_LOC_STRINGS = YES;
				SWIFT_VERSION = 5.0;
				TARGETED_DEVICE_FAMILY = "1,2";
			};
			name = Release;
		};
		3F1A32242EC0AFA300EFCED4 /* Debug */ = {
			isa = XCBuildConfiguration;
			buildSettings = {
				BUNDLE_LOADER = "$(TEST_HOST)";
				CODE_SIGN_STYLE = Automatic;
				CURRENT_PROJECT_VERSION = 1;
				GENERATE_INFOPLIST_FILE = YES;
				IPHONEOS_DEPLOYMENT_TARGET = 18.2;
				MARKETING_VERSION = 1.0;
				PRODUCT_BUNDLE_IDENTIFIER = "Bhagya-Deepathi---IT22306890.CharikawaTests";
				PRODUCT_NAME = "$(TARGET_NAME)";
				SWIFT_EMIT_LOC_STRINGS = NO;
				SWIFT_VERSION = 5.0;
				TARGETED_DEVICE_FAMILY = "1,2";
				TEST_HOST = "$(BUILT_PRODUCTS_DIR)/Charikawa.app/$(BUNDLE_EXECUTABLE_FOLDER_PATH)/Charikawa";
			};
			name = Debug;
		};
		3F1A32252EC0AFA300EFCED4 /* Release */ = {
			isa = XCBuildConfiguration;
			buildSettings = {
				BUNDLE_LOADER = "$(TEST_HOST)";
				CODE_SIGN_STYLE = Automatic;
				CURRENT_PROJECT_VERSION = 1;
				GENERATE_INFOPLIST_FILE = YES;
				IPHONEOS_DEPLOYMENT_TARGET = 18.2;
				MARKETING_VERSION = 1.0;
				PRODUCT_BUNDLE_IDENTIFIER = "Bhagya-Deepathi---IT22306890.CharikawaTests";
				PRODUCT_NAME = "$(TARGET_NAME)";
				SWIFT_EMIT_LOC_STRINGS = NO;
				SWIFT_VERSION = 5.0;
				TARGETED_DEVICE_FAMILY = "1,2";
				TEST_HOST = "$(BUILT_PRODUCTS_DIR)/Charikawa.app/$(BUNDLE_EXECUTABLE_FOLDER_PATH)/Charikawa";
			};
			name = Release;
		};
		3F1A32272EC0AFA300EFCED4 /* Debug */ = {
			isa = XCBuildConfiguration;
			buildSettings = {
				CODE_SIGN_STYLE = Automatic;
				CURRENT_PROJECT_VERSION = 1;
				GENERATE_INFOPLIST_FILE = YES;
				MARKETING_VERSION = 1.0;
				PRODUCT_BUNDLE_IDENTIFIER = "Bhagya-Deepathi---IT22306890.CharikawaUITests";
				PRODUCT_NAME = "$(TARGET_NAME)";
				SWIFT_EMIT_LOC_STRINGS = NO;
				SWIFT_VERSION = 5.0;
				TARGETED_DEVICE_FAMILY = "1,2";
				TEST_TARGET_NAME = Charikawa;
			};
			name = Debug;
		};
		3F1A32282EC0AFA300EFCED4 /* Release */ = {
			isa = XCBuildConfiguration;
			buildSettings = {
				CODE_SIGN_STYLE = Automatic;
				CURRENT_PROJECT_VERSION = 1;
				GENERATE_INFOPLIST_FILE = YES;
				MARKETING_VERSION = 1.0;
				PRODUCT_BUNDLE_IDENTIFIER = "Bhagya-Deepathi---IT22306890.CharikawaUITests";
				PRODUCT_NAME = "$(TARGET_NAME)";
				SWIFT_EMIT_LOC_STRINGS = NO;
				SWIFT_VERSION = 5.0;
				TARGETED_DEVICE_FAMILY = "1,2";
				TEST_TARGET_NAME = Charikawa;
			};
			name = Release;
		};
/* End XCBuildConfiguration section */

/* Begin XCConfigurationList section */
		3F1A31F72EC0AFA200EFCED4 /* Build configuration list for PBXProject "Charikawa" */ = {
			isa = XCConfigurationList;
			buildConfigurations = (
				3F1A321E2EC0AFA300EFCED4 /* Debug */,
				3F1A321F2EC0AFA300EFCED4 /* Release */,
			);
			defaultConfigurationIsVisible = 0;
			defaultConfigurationName = Release;
		};
		3F1A32202EC0AFA300EFCED4 /* Build configuration list for PBXNativeTarget "Charikawa" */ = {
			isa = XCConfigurationList;
			buildConfigurations = (
				3F1A32212EC0AFA300EFCED4 /* Debug */,
				3F1A32222EC0AFA300EFCED4 /* Release */,
			);
			defaultConfigurationIsVisible = 0;
			defaultConfigurationName = Release;
		};
		3F1A32232EC0AFA300EFCED4 /* Build configuration list for PBXNativeTarget "CharikawaTests" */ = {
			isa = XCConfigurationList;
			buildConfigurations = (
				3F1A32242EC0AFA300EFCED4 /* Debug */,
				3F1A32252EC0AFA300EFCED4 /* Release */,
			);
			defaultConfigurationIsVisible = 0;
			defaultConfigurationName = Release;
		};
		3F1A32262EC0AFA300EFCED4 /* Build configuration list for PBXNativeTarget "CharikawaUITests" */ = {
			isa = XCConfigurationList;
			buildConfigurations = (
				3F1A32272EC0AFA300EFCED4 /* Debug */,
				3F1A32282EC0AFA300EFCED4 /* Release */,
			);
			defaultConfigurationIsVisible = 0;
			defaultConfigurationName = Release;
		};
/* End XCConfigurationList section */
	};
	rootObject = 3F1A31F42EC0AFA200EFCED4 /* Project object */;
}
